// !$*UTF8*$!
{
	archiveVersion = 1;
	classes = {
	};
	objectVersion = 46;
	objects = {

/* Begin PBXBuildFile section */
		762732A31D2BACEB00E27858 /* main.m in Sources */ = {isa = PBXBuildFile; fileRef = 762732A21D2BACEB00E27858 /* main.m */; };
		762732A61D2BACEB00E27858 /* AppDelegate.m in Sources */ = {isa = PBXBuildFile; fileRef = 762732A51D2BACEB00E27858 /* AppDelegate.m */; };
		762732AE1D2BACEC00E27858 /* Assets.xcassets in Resources */ = {isa = PBXBuildFile; fileRef = 762732AD1D2BACEC00E27858 /* Assets.xcassets */; };
		762732B11D2BACEC00E27858 /* LaunchScreen.storyboard in Resources */ = {isa = PBXBuildFile; fileRef = 762732AF1D2BACEC00E27858 /* LaunchScreen.storyboard */; };
		762732BC1D2BACEC00E27858 /* gIT_pagesTests.m in Sources */ = {isa = PBXBuildFile; fileRef = 762732BB1D2BACEC00E27858 /* gIT_pagesTests.m */; };
		762732C71D2BACEC00E27858 /* gIT_pagesUITests.m in Sources */ = {isa = PBXBuildFile; fileRef = 762732C61D2BACEC00E27858 /* gIT_pagesUITests.m */; };
		766249E11D2D2AF9002D040E /* HomeViewController.m in Sources */ = {isa = PBXBuildFile; fileRef = 766249E01D2D2AF9002D040E /* HomeViewController.m */; };
		766249E41D2D2B98002D040E /* ActivityViewController.m in Sources */ = {isa = PBXBuildFile; fileRef = 766249E31D2D2B98002D040E /* ActivityViewController.m */; };
		766249E71D2D2BB8002D040E /* ShareViewController.m in Sources */ = {isa = PBXBuildFile; fileRef = 766249E61D2D2BB8002D040E /* ShareViewController.m */; };
		766249EA1D2D2BEC002D040E /* ExploreViewController.m in Sources */ = {isa = PBXBuildFile; fileRef = 766249E91D2D2BEC002D040E /* ExploreViewController.m */; };
		766249ED1D2D2C00002D040E /* MineViewController.m in Sources */ = {isa = PBXBuildFile; fileRef = 766249EC1D2D2C00002D040E /* MineViewController.m */; };
		766249F71D2DEFFF002D040E /* RootTabBarController.m in Sources */ = {isa = PBXBuildFile; fileRef = 766249F61D2DEFFF002D040E /* RootTabBarController.m */; };
/* End PBXBuildFile section */

/* Begin PBXContainerItemProxy section */
		762732B81D2BACEC00E27858 /* PBXContainerItemProxy */ = {
			isa = PBXContainerItemProxy;
			containerPortal = 762732961D2BACEB00E27858 /* Project object */;
			proxyType = 1;
			remoteGlobalIDString = 7627329D1D2BACEB00E27858;
			remoteInfo = "gIT pages";
		};
		762732C31D2BACEC00E27858 /* PBXContainerItemProxy */ = {
			isa = PBXContainerItemProxy;
			containerPortal = 762732961D2BACEB00E27858 /* Project object */;
			proxyType = 1;
			remoteGlobalIDString = 7627329D1D2BACEB00E27858;
			remoteInfo = "gIT pages";
		};
/* End PBXContainerItemProxy section */

/* Begin PBXFileReference section */
		7627329E1D2BACEB00E27858 /* gIT pages.app */ = {isa = PBXFileReference; explicitFileType = wrapper.application; includeInIndex = 0; path = "gIT pages.app"; sourceTree = BUILT_PRODUCTS_DIR; };
		762732A21D2BACEB00E27858 /* main.m */ = {isa = PBXFileReference; lastKnownFileType = sourcecode.c.objc; path = main.m; sourceTree = "<group>"; };
		762732A41D2BACEB00E27858 /* AppDelegate.h */ = {isa = PBXFileReference; lastKnownFileType = sourcecode.c.h; path = AppDelegate.h; sourceTree = "<group>"; };
		762732A51D2BACEB00E27858 /* AppDelegate.m */ = {isa = PBXFileReference; lastKnownFileType = sourcecode.c.objc; path = AppDelegate.m; sourceTree = "<group>"; };
		762732AD1D2BACEC00E27858 /* Assets.xcassets */ = {isa = PBXFileReference; lastKnownFileType = folder.assetcatalog; path = Assets.xcassets; sourceTree = "<group>"; };
		762732B01D2BACEC00E27858 /* Base */ = {isa = PBXFileReference; lastKnownFileType = file.storyboard; name = Base; path = Base.lproj/LaunchScreen.storyboard; sourceTree = "<group>"; };
		762732B21D2BACEC00E27858 /* Info.plist */ = {isa = PBXFileReference; lastKnownFileType = text.plist.xml; path = Info.plist; sourceTree = "<group>"; };
		762732B71D2BACEC00E27858 /* gIT pagesTests.xctest */ = {isa = PBXFileReference; explicitFileType = wrapper.cfbundle; includeInIndex = 0; path = "gIT pagesTests.xctest"; sourceTree = BUILT_PRODUCTS_DIR; };
		762732BB1D2BACEC00E27858 /* gIT_pagesTests.m */ = {isa = PBXFileReference; lastKnownFileType = sourcecode.c.objc; path = gIT_pagesTests.m; sourceTree = "<group>"; };
		762732BD1D2BACEC00E27858 /* Info.plist */ = {isa = PBXFileReference; lastKnownFileType = text.plist.xml; path = Info.plist; sourceTree = "<group>"; };
		762732C21D2BACEC00E27858 /* gIT pagesUITests.xctest */ = {isa = PBXFileReference; explicitFileType = wrapper.cfbundle; includeInIndex = 0; path = "gIT pagesUITests.xctest"; sourceTree = BUILT_PRODUCTS_DIR; };
		762732C61D2BACEC00E27858 /* gIT_pagesUITests.m */ = {isa = PBXFileReference; lastKnownFileType = sourcecode.c.objc; path = gIT_pagesUITests.m; sourceTree = "<group>"; };
		762732C81D2BACEC00E27858 /* Info.plist */ = {isa = PBXFileReference; lastKnownFileType = text.plist.xml; path = Info.plist; sourceTree = "<group>"; };
		762732D41D2BB0D200E27858 /* Defs.h */ = {isa = PBXFileReference; lastKnownFileType = sourcecode.c.h; path = Defs.h; sourceTree = "<group>"; };
		766249DF1D2D2AF9002D040E /* HomeViewController.h */ = {isa = PBXFileReference; fileEncoding = 4; lastKnownFileType = sourcecode.c.h; path = HomeViewController.h; sourceTree = "<group>"; };
		766249E01D2D2AF9002D040E /* HomeViewController.m */ = {isa = PBXFileReference; fileEncoding = 4; lastKnownFileType = sourcecode.c.objc; path = HomeViewController.m; sourceTree = "<group>"; };
		766249E21D2D2B98002D040E /* ActivityViewController.h */ = {isa = PBXFileReference; fileEncoding = 4; lastKnownFileType = sourcecode.c.h; path = ActivityViewController.h; sourceTree = "<group>"; };
		766249E31D2D2B98002D040E /* ActivityViewController.m */ = {isa = PBXFileReference; fileEncoding = 4; lastKnownFileType = sourcecode.c.objc; path = ActivityViewController.m; sourceTree = "<group>"; };
		766249E51D2D2BB8002D040E /* ShareViewController.h */ = {isa = PBXFileReference; fileEncoding = 4; lastKnownFileType = sourcecode.c.h; path = ShareViewController.h; sourceTree = "<group>"; };
		766249E61D2D2BB8002D040E /* ShareViewController.m */ = {isa = PBXFileReference; fileEncoding = 4; lastKnownFileType = sourcecode.c.objc; path = ShareViewController.m; sourceTree = "<group>"; };
		766249E81D2D2BEC002D040E /* ExploreViewController.h */ = {isa = PBXFileReference; fileEncoding = 4; lastKnownFileType = sourcecode.c.h; path = ExploreViewController.h; sourceTree = "<group>"; };
		766249E91D2D2BEC002D040E /* ExploreViewController.m */ = {isa = PBXFileReference; fileEncoding = 4; lastKnownFileType = sourcecode.c.objc; path = ExploreViewController.m; sourceTree = "<group>"; };
		766249EB1D2D2C00002D040E /* MineViewController.h */ = {isa = PBXFileReference; fileEncoding = 4; lastKnownFileType = sourcecode.c.h; path = MineViewController.h; sourceTree = "<group>"; };
		766249EC1D2D2C00002D040E /* MineViewController.m */ = {isa = PBXFileReference; fileEncoding = 4; lastKnownFileType = sourcecode.c.objc; path = MineViewController.m; sourceTree = "<group>"; };
		766249F51D2DEFFF002D040E /* RootTabBarController.h */ = {isa = PBXFileReference; fileEncoding = 4; lastKnownFileType = sourcecode.c.h; path = RootTabBarController.h; sourceTree = "<group>"; };
		766249F61D2DEFFF002D040E /* RootTabBarController.m */ = {isa = PBXFileReference; fileEncoding = 4; lastKnownFileType = sourcecode.c.objc; path = RootTabBarController.m; sourceTree = "<group>"; };
/* End PBXFileReference section */

/* Begin PBXFrameworksBuildPhase section */
		7627329B1D2BACEB00E27858 /* Frameworks */ = {
			isa = PBXFrameworksBuildPhase;
			buildActionMask = 2147483647;
			files = (
			);
			runOnlyForDeploymentPostprocessing = 0;
		};
		762732B41D2BACEC00E27858 /* Frameworks */ = {
			isa = PBXFrameworksBuildPhase;
			buildActionMask = 2147483647;
			files = (
			);
			runOnlyForDeploymentPostprocessing = 0;
		};
		762732BF1D2BACEC00E27858 /* Frameworks */ = {
			isa = PBXFrameworksBuildPhase;
			buildActionMask = 2147483647;
			files = (
			);
			runOnlyForDeploymentPostprocessing = 0;
		};
/* End PBXFrameworksBuildPhase section */

/* Begin PBXGroup section */
		762732951D2BACEB00E27858 = {
			isa = PBXGroup;
			children = (
				762732A01D2BACEB00E27858 /* gIT pages */,
				762732BA1D2BACEC00E27858 /* gIT pagesTests */,
				762732C51D2BACEC00E27858 /* gIT pagesUITests */,
				7627329F1D2BACEB00E27858 /* Products */,
			);
			sourceTree = "<group>";
		};
		7627329F1D2BACEB00E27858 /* Products */ = {
			isa = PBXGroup;
			children = (
				7627329E1D2BACEB00E27858 /* gIT pages.app */,
				762732B71D2BACEC00E27858 /* gIT pagesTests.xctest */,
				762732C21D2BACEC00E27858 /* gIT pagesUITests.xctest */,
			);
			name = Products;
			sourceTree = "<group>";
		};
		762732A01D2BACEB00E27858 /* gIT pages */ = {
			isa = PBXGroup;
			children = (
				766249DE1D2D2ABD002D040E /* ViewControllers */,
				762732A41D2BACEB00E27858 /* AppDelegate.h */,
				762732A51D2BACEB00E27858 /* AppDelegate.m */,
				766249F51D2DEFFF002D040E /* RootTabBarController.h */,
				766249F61D2DEFFF002D040E /* RootTabBarController.m */,
				762732D41D2BB0D200E27858 /* Defs.h */,
				762732AD1D2BACEC00E27858 /* Assets.xcassets */,
				762732AF1D2BACEC00E27858 /* LaunchScreen.storyboard */,
				762732B21D2BACEC00E27858 /* Info.plist */,
				762732A11D2BACEB00E27858 /* Supporting Files */,
			);
			path = "gIT pages";
			sourceTree = "<group>";
		};
		762732A11D2BACEB00E27858 /* Supporting Files */ = {
			isa = PBXGroup;
			children = (
				762732A21D2BACEB00E27858 /* main.m */,
			);
			name = "Supporting Files";
			sourceTree = "<group>";
		};
		762732BA1D2BACEC00E27858 /* gIT pagesTests */ = {
			isa = PBXGroup;
			children = (
				762732BB1D2BACEC00E27858 /* gIT_pagesTests.m */,
				762732BD1D2BACEC00E27858 /* Info.plist */,
			);
			path = "gIT pagesTests";
			sourceTree = "<group>";
		};
		762732C51D2BACEC00E27858 /* gIT pagesUITests */ = {
			isa = PBXGroup;
			children = (
				762732C61D2BACEC00E27858 /* gIT_pagesUITests.m */,
				762732C81D2BACEC00E27858 /* Info.plist */,
			);
			path = "gIT pagesUITests";
			sourceTree = "<group>";
		};
		766249DE1D2D2ABD002D040E /* ViewControllers */ = {
			isa = PBXGroup;
			children = (
				766249DF1D2D2AF9002D040E /* HomeViewController.h */,
				766249E01D2D2AF9002D040E /* HomeViewController.m */,
				766249E21D2D2B98002D040E /* ActivityViewController.h */,
				766249E31D2D2B98002D040E /* ActivityViewController.m */,
				766249E51D2D2BB8002D040E /* ShareViewController.h */,
				766249E61D2D2BB8002D040E /* ShareViewController.m */,
				766249E81D2D2BEC002D040E /* ExploreViewController.h */,
				766249E91D2D2BEC002D040E /* ExploreViewController.m */,
				766249EB1D2D2C00002D040E /* MineViewController.h */,
				766249EC1D2D2C00002D040E /* MineViewController.m */,
			);
			name = ViewControllers;
			sourceTree = "<group>";
		};
/* End PBXGroup section */

/* Begin PBXNativeTarget section */
		7627329D1D2BACEB00E27858 /* gIT pages */ = {
			isa = PBXNativeTarget;
			buildConfigurationList = 762732CB1D2BACEC00E27858 /* Build configuration list for PBXNativeTarget "gIT pages" */;
			buildPhases = (
				7627329A1D2BACEB00E27858 /* Sources */,
				7627329B1D2BACEB00E27858 /* Frameworks */,
				7627329C1D2BACEB00E27858 /* Resources */,
			);
			buildRules = (
			);
			dependencies = (
			);
			name = "gIT pages";
			productName = "gIT pages";
			productReference = 7627329E1D2BACEB00E27858 /* gIT pages.app */;
			productType = "com.apple.product-type.application";
		};
		762732B61D2BACEC00E27858 /* gIT pagesTests */ = {
			isa = PBXNativeTarget;
			buildConfigurationList = 762732CE1D2BACEC00E27858 /* Build configuration list for PBXNativeTarget "gIT pagesTests" */;
			buildPhases = (
				762732B31D2BACEC00E27858 /* Sources */,
				762732B41D2BACEC00E27858 /* Frameworks */,
				762732B51D2BACEC00E27858 /* Resources */,
			);
			buildRules = (
			);
			dependencies = (
				762732B91D2BACEC00E27858 /* PBXTargetDependency */,
			);
			name = "gIT pagesTests";
			productName = "gIT pagesTests";
			productReference = 762732B71D2BACEC00E27858 /* gIT pagesTests.xctest */;
			productType = "com.apple.product-type.bundle.unit-test";
		};
		762732C11D2BACEC00E27858 /* gIT pagesUITests */ = {
			isa = PBXNativeTarget;
			buildConfigurationList = 762732D11D2BACEC00E27858 /* Build configuration list for PBXNativeTarget "gIT pagesUITests" */;
			buildPhases = (
				762732BE1D2BACEC00E27858 /* Sources */,
				762732BF1D2BACEC00E27858 /* Frameworks */,
				762732C01D2BACEC00E27858 /* Resources */,
			);
			buildRules = (
			);
			dependencies = (
				762732C41D2BACEC00E27858 /* PBXTargetDependency */,
			);
			name = "gIT pagesUITests";
			productName = "gIT pagesUITests";
			productReference = 762732C21D2BACEC00E27858 /* gIT pagesUITests.xctest */;
			productType = "com.apple.product-type.bundle.ui-testing";
		};
/* End PBXNativeTarget section */

/* Begin PBXProject section */
		762732961D2BACEB00E27858 /* Project object */ = {
			isa = PBXProject;
			attributes = {
				LastUpgradeCheck = 0730;
				ORGANIZATIONNAME = xl;
				TargetAttributes = {
					7627329D1D2BACEB00E27858 = {
						CreatedOnToolsVersion = 7.3.1;
						DevelopmentTeam = N96R6G7AKT;
					};
					762732B61D2BACEC00E27858 = {
						CreatedOnToolsVersion = 7.3.1;
						TestTargetID = 7627329D1D2BACEB00E27858;
					};
					762732C11D2BACEC00E27858 = {
						CreatedOnToolsVersion = 7.3.1;
						TestTargetID = 7627329D1D2BACEB00E27858;
					};
				};
			};
			buildConfigurationList = 762732991D2BACEB00E27858 /* Build configuration list for PBXProject "gIT pages" */;
			compatibilityVersion = "Xcode 3.2";
			developmentRegion = English;
			hasScannedForEncodings = 0;
			knownRegions = (
				en,
				Base,
			);
			mainGroup = 762732951D2BACEB00E27858;
			productRefGroup = 7627329F1D2BACEB00E27858 /* Products */;
			projectDirPath = "";
			projectRoot = "";
			targets = (
				7627329D1D2BACEB00E27858 /* gIT pages */,
				762732B61D2BACEC00E27858 /* gIT pagesTests */,
				762732C11D2BACEC00E27858 /* gIT pagesUITests */,
			);
		};
/* End PBXProject section */

/* Begin PBXResourcesBuildPhase section */
		7627329C1D2BACEB00E27858 /* Resources */ = {
			isa = PBXResourcesBuildPhase;
			buildActionMask = 2147483647;
			files = (
				762732B11D2BACEC00E27858 /* LaunchScreen.storyboard in Resources */,
				762732AE1D2BACEC00E27858 /* Assets.xcassets in Resources */,
			);
			runOnlyForDeploymentPostprocessing = 0;
		};
		762732B51D2BACEC00E27858 /* Resources */ = {
			isa = PBXResourcesBuildPhase;
			buildActionMask = 2147483647;
			files = (
			);
			runOnlyForDeploymentPostprocessing = 0;
		};
		762732C01D2BACEC00E27858 /* Resources */ = {
			isa = PBXResourcesBuildPhase;
			buildActionMask = 2147483647;
			files = (
			);
			runOnlyForDeploymentPostprocessing = 0;
		};
/* End PBXResourcesBuildPhase section */

/* Begin PBXSourcesBuildPhase section */
		7627329A1D2BACEB00E27858 /* Sources */ = {
			isa = PBXSourcesBuildPhase;
			buildActionMask = 2147483647;
			files = (
				762732A61D2BACEB00E27858 /* AppDelegate.m in Sources */,
				766249ED1D2D2C00002D040E /* MineViewController.m in Sources */,
				762732A31D2BACEB00E27858 /* main.m in Sources */,
				766249E11D2D2AF9002D040E /* HomeViewController.m in Sources */,
				766249E71D2D2BB8002D040E /* ShareViewController.m in Sources */,
				766249F71D2DEFFF002D040E /* RootTabBarController.m in Sources */,
				766249EA1D2D2BEC002D040E /* ExploreViewController.m in Sources */,
				766249E41D2D2B98002D040E /* ActivityViewController.m in Sources */,
			);
			runOnlyForDeploymentPostprocessing = 0;
		};
		762732B31D2BACEC00E27858 /* Sources */ = {
			isa = PBXSourcesBuildPhase;
			buildActionMask = 2147483647;
			files = (
				762732BC1D2BACEC00E27858 /* gIT_pagesTests.m in Sources */,
			);
			runOnlyForDeploymentPostprocessing = 0;
		};
		762732BE1D2BACEC00E27858 /* Sources */ = {
			isa = PBXSourcesBuildPhase;
			buildActionMask = 2147483647;
			files = (
				762732C71D2BACEC00E27858 /* gIT_pagesUITests.m in Sources */,
			);
			runOnlyForDeploymentPostprocessing = 0;
		};
/* End PBXSourcesBuildPhase section */

/* Begin PBXTargetDependency section */
		762732B91D2BACEC00E27858 /* PBXTargetDependency */ = {
			isa = PBXTargetDependency;
			target = 7627329D1D2BACEB00E27858 /* gIT pages */;
			targetProxy = 762732B81D2BACEC00E27858 /* PBXContainerItemProxy */;
		};
		762732C41D2BACEC00E27858 /* PBXTargetDependency */ = {
			isa = PBXTargetDependency;
			target = 7627329D1D2BACEB00E27858 /* gIT pages */;
			targetProxy = 762732C31D2BACEC00E27858 /* PBXContainerItemProxy */;
		};
/* End PBXTargetDependency section */

/* Begin PBXVariantGroup section */
		762732AF1D2BACEC00E27858 /* LaunchScreen.storyboard */ = {
			isa = PBXVariantGroup;
			children = (
				762732B01D2BACEC00E27858 /* Base */,
			);
			name = LaunchScreen.storyboard;
			sourceTree = "<group>";
		};
/* End PBXVariantGroup section */

/* Begin XCBuildConfiguration section */
		762732C91D2BACEC00E27858 /* Debug */ = {
			isa = XCBuildConfiguration;
			buildSettings = {
				ALWAYS_SEARCH_USER_PATHS = NO;
				CLANG_ANALYZER_NONNULL = YES;
				CLANG_CXX_LANGUAGE_STANDARD = "gnu++0x";
				CLANG_CXX_LIBRARY = "libc++";
				CLANG_ENABLE_MODULES = YES;
				CLANG_ENABLE_OBJC_ARC = YES;
				CLANG_WARN_BOOL_CONVERSION = YES;
				CLANG_WARN_CONSTANT_CONVERSION = YES;
				CLANG_WARN_DIRECT_OBJC_ISA_USAGE = YES_ERROR;
				CLANG_WARN_EMPTY_BODY = YES;
				CLANG_WARN_ENUM_CONVERSION = YES;
				CLANG_WARN_INT_CONVERSION = YES;
				CLANG_WARN_OBJC_ROOT_CLASS = YES_ERROR;
				CLANG_WARN_UNREACHABLE_CODE = YES;
				CLANG_WARN__DUPLICATE_METHOD_MATCH = YES;
				"CODE_SIGN_IDENTITY[sdk=iphoneos*]" = "iPhone Developer";
				COPY_PHASE_STRIP = NO;
				DEBUG_INFORMATION_FORMAT = dwarf;
				ENABLE_STRICT_OBJC_MSGSEND = YES;
				ENABLE_TESTABILITY = YES;
				GCC_C_LANGUAGE_STANDARD = gnu99;
				GCC_DYNAMIC_NO_PIC = NO;
				GCC_NO_COMMON_BLOCKS = YES;
				GCC_OPTIMIZATION_LEVEL = 0;
				GCC_PREPROCESSOR_DEFINITIONS = (
					"DEBUG=1",
					"$(inherited)",
				);
				GCC_WARN_64_TO_32_BIT_CONVERSION = YES;
				GCC_WARN_ABOUT_RETURN_TYPE = YES_ERROR;
				GCC_WARN_UNDECLARED_SELECTOR = YES;
				GCC_WARN_UNINITIALIZED_AUTOS = YES_AGGRESSIVE;
				GCC_WARN_UNUSED_FUNCTION = YES;
				GCC_WARN_UNUSED_VARIABLE = YES;
				IPHONEOS_DEPLOYMENT_TARGET = 9.3;
				MTL_ENABLE_DEBUG_INFO = YES;
				ONLY_ACTIVE_ARCH = YES;
				SDKROOT = iphoneos;
				TARGETED_DEVICE_FAMILY = "1,2";
			};
			name = Debug;
		};
		762732CA1D2BACEC00E27858 /* Release */ = {
			isa = XCBuildConfiguration;
			buildSettings = {
				ALWAYS_SEARCH_USER_PATHS = NO;
				CLANG_ANALYZER_NONNULL = YES;
				CLANG_CXX_LANGUAGE_STANDARD = "gnu++0x";
				CLANG_CXX_LIBRARY = "libc++";
				CLANG_ENABLE_MODULES = YES;
				CLANG_ENABLE_OBJC_ARC = YES;
				CLANG_WARN_BOOL_CONVERSION = YES;
				CLANG_WARN_CONSTANT_CONVERSION = YES;
				CLANG_WARN_DIRECT_OBJC_ISA_USAGE = YES_ERROR;
				CLANG_WARN_EMPTY_BODY = YES;
				CLANG_WARN_ENUM_CONVERSION = YES;
				CLANG_WARN_INT_CONVERSION = YES;
				CLANG_WARN_OBJC_ROOT_CLASS = YES_ERROR;
				CLANG_WARN_UNREACHABLE_CODE = YES;
				CLANG_WARN__DUPLICATE_METHOD_MATCH = YES;
				"CODE_SIGN_IDENTITY[sdk=iphoneos*]" = "iPhone Developer";
				COPY_PHASE_STRIP = NO;
				DEBUG_INFORMATION_FORMAT = "dwarf-with-dsym";
				ENABLE_NS_ASSERTIONS = NO;
				ENABLE_STRICT_OBJC_MSGSEND = YES;
				GCC_C_LANGUAGE_STANDARD = gnu99;
				GCC_NO_COMMON_BLOCKS = YES;
				GCC_WARN_64_TO_32_BIT_CONVERSION = YES;
				GCC_WARN_ABOUT_RETURN_TYPE = YES_ERROR;
				GCC_WARN_UNDECLARED_SELECTOR = YES;
				GCC_WARN_UNINITIALIZED_AUTOS = YES_AGGRESSIVE;
				GCC_WARN_UNUSED_FUNCTION = YES;
				GCC_WARN_UNUSED_VARIABLE = YES;
				IPHONEOS_DEPLOYMENT_TARGET = 9.3;
				MTL_ENABLE_DEBUG_INFO = NO;
				SDKROOT = iphoneos;
				TARGETED_DEVICE_FAMILY = "1,2";
				VALIDATE_PRODUCT = YES;
			};
			name = Release;
		};
		762732CC1D2BACEC00E27858 /* Debug */ = {
			isa = XCBuildConfiguration;
			buildSettings = {
				ASSETCATALOG_COMPILER_APPICON_NAME = AppIcon;
				CODE_SIGN_IDENTITY = "iPhone Developer";
				INFOPLIST_FILE = "gIT pages/Info.plist";
				IPHONEOS_DEPLOYMENT_TARGET = 8.0;
				LD_RUNPATH_SEARCH_PATHS = "$(inherited) @executable_path/Frameworks";
				PRODUCT_BUNDLE_IDENTIFIER = "com.meijuan.zhang.xinlei.gIT-pages";
				PRODUCT_NAME = "$(TARGET_NAME)";
			};
			name = Debug;
		};
		762732CD1D2BACEC00E27858 /* Release */ = {
			isa = XCBuildConfiguration;
			buildSettings = {
				ASSETCATALOG_COMPILER_APPICON_NAME = AppIcon;
				CODE_SIGN_IDENTITY = "iPhone Developer";
				INFOPLIST_FILE = "gIT pages/Info.plist";
				IPHONEOS_DEPLOYMENT_TARGET = 8.0;
				LD_RUNPATH_SEARCH_PATHS = "$(inherited) @executable_path/Frameworks";
				PRODUCT_BUNDLE_IDENTIFIER = "com.meijuan.zhang.xinlei.gIT-pages";
				PRODUCT_NAME = "$(TARGET_NAME)";
			};
			name = Release;
		};
		762732CF1D2BACEC00E27858 /* Debug */ = {
			isa = XCBuildConfiguration;
			buildSettings = {
				BUNDLE_LOADER = "$(TEST_HOST)";
				INFOPLIST_FILE = "gIT pagesTests/Info.plist";
				LD_RUNPATH_SEARCH_PATHS = "$(inherited) @executable_path/Frameworks @loader_path/Frameworks";
				PRODUCT_BUNDLE_IDENTIFIER = "com.meijuan.zhang.xinlei.gIT-pagesTests";
				PRODUCT_NAME = "$(TARGET_NAME)";
				TEST_HOST = "$(BUILT_PRODUCTS_DIR)/gIT pages.app/gIT pages";
			};
			name = Debug;
		};
		762732D01D2BACEC00E27858 /* Release */ = {
			isa = XCBuildConfiguration;
			buildSettings = {
				BUNDLE_LOADER = "$(TEST_HOST)";
				INFOPLIST_FILE = "gIT pagesTests/Info.plist";
				LD_RUNPATH_SEARCH_PATHS = "$(inherited) @executable_path/Frameworks @loader_path/Frameworks";
				PRODUCT_BUNDLE_IDENTIFIER = "com.meijuan.zhang.xinlei.gIT-pagesTests";
				PRODUCT_NAME = "$(TARGET_NAME)";
				TEST_HOST = "$(BUILT_PRODUCTS_DIR)/gIT pages.app/gIT pages";
			};
			name = Release;
		};
		762732D21D2BACEC00E27858 /* Debug */ = {
			isa = XCBuildConfiguration;
			buildSettings = {
				INFOPLIST_FILE = "gIT pagesUITests/Info.plist";
				LD_RUNPATH_SEARCH_PATHS = "$(inherited) @executable_path/Frameworks @loader_path/Frameworks";
				PRODUCT_BUNDLE_IDENTIFIER = "com.meijuan.zhang.xinlei.gIT-pagesUITests";
				PRODUCT_NAME = "$(TARGET_NAME)";
				TEST_TARGET_NAME = "gIT pages";
			};
			name = Debug;
		};
		762732D31D2BACEC00E27858 /* Release */ = {
			isa = XCBuildConfiguration;
			buildSettings = {
				INFOPLIST_FILE = "gIT pagesUITests/Info.plist";
				LD_RUNPATH_SEARCH_PATHS = "$(inherited) @executable_path/Frameworks @loader_path/Frameworks";
				PRODUCT_BUNDLE_IDENTIFIER = "com.meijuan.zhang.xinlei.gIT-pagesUITests";
				PRODUCT_NAME = "$(TARGET_NAME)";
				TEST_TARGET_NAME = "gIT pages";
			};
			name = Release;
		};
/* End XCBuildConfiguration section */

/* Begin XCConfigurationList section */
		762732991D2BACEB00E27858 /* Build configuration list for PBXProject "gIT pages" */ = {
			isa = XCConfigurationList;
			buildConfigurations = (
				762732C91D2BACEC00E27858 /* Debug */,
				762732CA1D2BACEC00E27858 /* Release */,
			);
			defaultConfigurationIsVisible = 0;
			defaultConfigurationName = Release;
		};
		762732CB1D2BACEC00E27858 /* Build configuration list for PBXNativeTarget "gIT pages" */ = {
			isa = XCConfigurationList;
			buildConfigurations = (
				762732CC1D2BACEC00E27858 /* Debug */,
				762732CD1D2BACEC00E27858 /* Release */,
			);
			defaultConfigurationIsVisible = 0;
			defaultConfigurationName = Release;
		};
		762732CE1D2BACEC00E27858 /* Build configuration list for PBXNativeTarget "gIT pagesTests" */ = {
			isa = XCConfigurationList;
			buildConfigurations = (
				762732CF1D2BACEC00E27858 /* Debug */,
				762732D01D2BACEC00E27858 /* Release */,
			);
			defaultConfigurationIsVisible = 0;
			defaultConfigurationName = Release;
		};
		762732D11D2BACEC00E27858 /* Build configuration list for PBXNativeTarget "gIT pagesUITests" */ = {
			isa = XCConfigurationList;
			buildConfigurations = (
				762732D21D2BACEC00E27858 /* Debug */,
				762732D31D2BACEC00E27858 /* Release */,
			);
			defaultConfigurationIsVisible = 0;
			defaultConfigurationName = Release;
		};
/* End XCConfigurationList section */
	};
	rootObject = 762732961D2BACEB00E27858 /* Project object */;
}
