// !$*UTF8*$!
{
	archiveVersion = 1;
	classes = {
	};
	objectVersion = 46;
	objects = {

/* Begin PBXBuildFile section */
		7620CBA81D420FBB003DEC50 /* ToTopBtnView.m in Sources */ = {isa = PBXBuildFile; fileRef = 7620CBA71D420FBB003DEC50 /* ToTopBtnView.m */; };
		7620CBAB1D4224D7003DEC50 /* BigColorfulCircleView.m in Sources */ = {isa = PBXBuildFile; fileRef = 7620CBAA1D4224D7003DEC50 /* BigColorfulCircleView.m */; };
		762732A31D2BACEB00E27858 /* main.m in Sources */ = {isa = PBXBuildFile; fileRef = 762732A21D2BACEB00E27858 /* main.m */; };
		762732A61D2BACEB00E27858 /* AppDelegate.m in Sources */ = {isa = PBXBuildFile; fileRef = 762732A51D2BACEB00E27858 /* AppDelegate.m */; };
		762732AE1D2BACEC00E27858 /* Assets.xcassets in Resources */ = {isa = PBXBuildFile; fileRef = 762732AD1D2BACEC00E27858 /* Assets.xcassets */; };
		762732B11D2BACEC00E27858 /* LaunchScreen.storyboard in Resources */ = {isa = PBXBuildFile; fileRef = 762732AF1D2BACEC00E27858 /* LaunchScreen.storyboard */; };
		762732BC1D2BACEC00E27858 /* gIT_pagesTests.m in Sources */ = {isa = PBXBuildFile; fileRef = 762732BB1D2BACEC00E27858 /* gIT_pagesTests.m */; };
		762732C71D2BACEC00E27858 /* gIT_pagesUITests.m in Sources */ = {isa = PBXBuildFile; fileRef = 762732C61D2BACEC00E27858 /* gIT_pagesUITests.m */; };
		766249E11D2D2AF9002D040E /* HomeViewController.m in Sources */ = {isa = PBXBuildFile; fileRef = 766249E01D2D2AF9002D040E /* HomeViewController.m */; };
		766249E41D2D2B98002D040E /* ActivityViewController.m in Sources */ = {isa = PBXBuildFile; fileRef = 766249E31D2D2B98002D040E /* ActivityViewController.m */; };
		766249E71D2D2BB8002D040E /* ShareViewController.m in Sources */ = {isa = PBXBuildFile; fileRef = 766249E61D2D2BB8002D040E /* ShareViewController.m */; };
		766249EA1D2D2BEC002D040E /* ExploreViewController.m in Sources */ = {isa = PBXBuildFile; fileRef = 766249E91D2D2BEC002D040E /* ExploreViewController.m */; };
		766249ED1D2D2C00002D040E /* MineViewController.m in Sources */ = {isa = PBXBuildFile; fileRef = 766249EC1D2D2C00002D040E /* MineViewController.m */; };
		766249F71D2DEFFF002D040E /* RootTabBarController.m in Sources */ = {isa = PBXBuildFile; fileRef = 766249F61D2DEFFF002D040E /* RootTabBarController.m */; };
		76624A021D2E3C98002D040E /* PostTableViewCell.m in Sources */ = {isa = PBXBuildFile; fileRef = 76624A011D2E3C98002D040E /* PostTableViewCell.m */; };
		76624A051D2E46E0002D040E /* PostItem.m in Sources */ = {isa = PBXBuildFile; fileRef = 76624A041D2E46E0002D040E /* PostItem.m */; };
		76624A0D1D2E4999002D040E /* Blogger.m in Sources */ = {isa = PBXBuildFile; fileRef = 76624A0C1D2E4999002D040E /* Blogger.m */; };
		76624A101D2E4B5A002D040E /* PostTag.m in Sources */ = {isa = PBXBuildFile; fileRef = 76624A0F1D2E4B5A002D040E /* PostTag.m */; };
		76624A131D2E4CC6002D040E /* PostComment.m in Sources */ = {isa = PBXBuildFile; fileRef = 76624A121D2E4CC6002D040E /* PostComment.m */; };
		76624A161D2E4F44002D040E /* HomePostsManager.m in Sources */ = {isa = PBXBuildFile; fileRef = 76624A151D2E4F44002D040E /* HomePostsManager.m */; };
		76624A291D315C47002D040E /* PostDetailViewController.m in Sources */ = {isa = PBXBuildFile; fileRef = 76624A281D315C47002D040E /* PostDetailViewController.m */; };
		76624A2F1D339157002D040E /* CommentView.m in Sources */ = {isa = PBXBuildFile; fileRef = 76624A2E1D339157002D040E /* CommentView.m */; };
		76624A321D33A035002D040E /* CommentsViewController.m in Sources */ = {isa = PBXBuildFile; fileRef = 76624A311D33A035002D040E /* CommentsViewController.m */; };
		76624A381D33A102002D040E /* CommentCell.m in Sources */ = {isa = PBXBuildFile; fileRef = 76624A371D33A102002D040E /* CommentCell.m */; };
		76624A411D33AEDC002D040E /* PostCellViewController.m in Sources */ = {isa = PBXBuildFile; fileRef = 76624A401D33AEDC002D040E /* PostCellViewController.m */; };
		76B064E21D4783E3005A86F9 /* MineView.m in Sources */ = {isa = PBXBuildFile; fileRef = 76B064E11D4783E3005A86F9 /* MineView.m */; };
		76B064E51D4784DD005A86F9 /* BubbleView.m in Sources */ = {isa = PBXBuildFile; fileRef = 76B064E41D4784DD005A86F9 /* BubbleView.m */; };
		76B064E81D478835005A86F9 /* BubbleDropBehavior.m in Sources */ = {isa = PBXBuildFile; fileRef = 76B064E71D478835005A86F9 /* BubbleDropBehavior.m */; };
/* End PBXBuildFile section */

/* Begin PBXContainerItemProxy section */
		762732B81D2BACEC00E27858 /* PBXContainerItemProxy */ = {
			isa = PBXContainerItemProxy;
			containerPortal = 762732961D2BACEB00E27858 /* Project object */;
			proxyType = 1;
			remoteGlobalIDString = 7627329D1D2BACEB00E27858;
			remoteInfo = "gIT pages";
		};
		762732C31D2BACEC00E27858 /* PBXContainerItemProxy */ = {
			isa = PBXContainerItemProxy;
			containerPortal = 762732961D2BACEB00E27858 /* Project object */;
			proxyType = 1;
			remoteGlobalIDString = 7627329D1D2BACEB00E27858;
			remoteInfo = "gIT pages";
		};
/* End PBXContainerItemProxy section */

/* Begin PBXFileReference section */
		7620CBA61D420FBB003DEC50 /* ToTopBtnView.h */ = {isa = PBXFileReference; fileEncoding = 4; lastKnownFileType = sourcecode.c.h; path = ToTopBtnView.h; sourceTree = "<group>"; };
		7620CBA71D420FBB003DEC50 /* ToTopBtnView.m */ = {isa = PBXFileReference; fileEncoding = 4; lastKnownFileType = sourcecode.c.objc; path = ToTopBtnView.m; sourceTree = "<group>"; };
		7620CBA91D4224D7003DEC50 /* BigColorfulCircleView.h */ = {isa = PBXFileReference; fileEncoding = 4; lastKnownFileType = sourcecode.c.h; path = BigColorfulCircleView.h; sourceTree = "<group>"; };
		7620CBAA1D4224D7003DEC50 /* BigColorfulCircleView.m */ = {isa = PBXFileReference; fileEncoding = 4; lastKnownFileType = sourcecode.c.objc; path = BigColorfulCircleView.m; sourceTree = "<group>"; };
		7627329E1D2BACEB00E27858 /* gIT pages.app */ = {isa = PBXFileReference; explicitFileType = wrapper.application; includeInIndex = 0; path = "gIT pages.app"; sourceTree = BUILT_PRODUCTS_DIR; };
		762732A21D2BACEB00E27858 /* main.m */ = {isa = PBXFileReference; lastKnownFileType = sourcecode.c.objc; path = main.m; sourceTree = "<group>"; };
		762732A41D2BACEB00E27858 /* AppDelegate.h */ = {isa = PBXFileReference; lastKnownFileType = sourcecode.c.h; path = AppDelegate.h; sourceTree = "<group>"; };
		762732A51D2BACEB00E27858 /* AppDelegate.m */ = {isa = PBXFileReference; lastKnownFileType = sourcecode.c.objc; path = AppDelegate.m; sourceTree = "<group>"; };
		762732AD1D2BACEC00E27858 /* Assets.xcassets */ = {isa = PBXFileReference; lastKnownFileType = folder.assetcatalog; path = Assets.xcassets; sourceTree = "<group>"; };
		762732B01D2BACEC00E27858 /* Base */ = {isa = PBXFileReference; lastKnownFileType = file.storyboard; name = Base; path = Base.lproj/LaunchScreen.storyboard; sourceTree = "<group>"; };
		762732B21D2BACEC00E27858 /* Info.plist */ = {isa = PBXFileReference; lastKnownFileType = text.plist.xml; path = Info.plist; sourceTree = "<group>"; };
		762732B71D2BACEC00E27858 /* gIT pagesTests.xctest */ = {isa = PBXFileReference; explicitFileType = wrapper.cfbundle; includeInIndex = 0; path = "gIT pagesTests.xctest"; sourceTree = BUILT_PRODUCTS_DIR; };
		762732BB1D2BACEC00E27858 /* gIT_pagesTests.m */ = {isa = PBXFileReference; lastKnownFileType = sourcecode.c.objc; path = gIT_pagesTests.m; sourceTree = "<group>"; };
		762732BD1D2BACEC00E27858 /* Info.plist */ = {isa = PBXFileReference; lastKnownFileType = text.plist.xml; path = Info.plist; sourceTree = "<group>"; };
		762732C21D2BACEC00E27858 /* gIT pagesUITests.xctest */ = {isa = PBXFileReference; explicitFileType = wrapper.cfbundle; includeInIndex = 0; path = "gIT pagesUITests.xctest"; sourceTree = BUILT_PRODUCTS_DIR; };
		762732C61D2BACEC00E27858 /* gIT_pagesUITests.m */ = {isa = PBXFileReference; lastKnownFileType = sourcecode.c.objc; path = gIT_pagesUITests.m; sourceTree = "<group>"; };
		762732C81D2BACEC00E27858 /* Info.plist */ = {isa = PBXFileReference; lastKnownFileType = text.plist.xml; path = Info.plist; sourceTree = "<group>"; };
		762732D41D2BB0D200E27858 /* Defs.h */ = {isa = PBXFileReference; lastKnownFileType = sourcecode.c.h; path = Defs.h; sourceTree = "<group>"; };
		766249DF1D2D2AF9002D040E /* HomeViewController.h */ = {isa = PBXFileReference; fileEncoding = 4; lastKnownFileType = sourcecode.c.h; path = HomeViewController.h; sourceTree = "<group>"; };
		766249E01D2D2AF9002D040E /* HomeViewController.m */ = {isa = PBXFileReference; fileEncoding = 4; lastKnownFileType = sourcecode.c.objc; path = HomeViewController.m; sourceTree = "<group>"; };
		766249E21D2D2B98002D040E /* ActivityViewController.h */ = {isa = PBXFileReference; fileEncoding = 4; lastKnownFileType = sourcecode.c.h; path = ActivityViewController.h; sourceTree = "<group>"; };
		766249E31D2D2B98002D040E /* ActivityViewController.m */ = {isa = PBXFileReference; fileEncoding = 4; lastKnownFileType = sourcecode.c.objc; path = ActivityViewController.m; sourceTree = "<group>"; };
		766249E51D2D2BB8002D040E /* ShareViewController.h */ = {isa = PBXFileReference; fileEncoding = 4; lastKnownFileType = sourcecode.c.h; path = ShareViewController.h; sourceTree = "<group>"; };
		766249E61D2D2BB8002D040E /* ShareViewController.m */ = {isa = PBXFileReference; fileEncoding = 4; lastKnownFileType = sourcecode.c.objc; path = ShareViewController.m; sourceTree = "<group>"; };
		766249E81D2D2BEC002D040E /* ExploreViewController.h */ = {isa = PBXFileReference; fileEncoding = 4; lastKnownFileType = sourcecode.c.h; path = ExploreViewController.h; sourceTree = "<group>"; };
		766249E91D2D2BEC002D040E /* ExploreViewController.m */ = {isa = PBXFileReference; fileEncoding = 4; lastKnownFileType = sourcecode.c.objc; path = ExploreViewController.m; sourceTree = "<group>"; };
		766249EB1D2D2C00002D040E /* MineViewController.h */ = {isa = PBXFileReference; fileEncoding = 4; lastKnownFileType = sourcecode.c.h; path = MineViewController.h; sourceTree = "<group>"; };
		766249EC1D2D2C00002D040E /* MineViewController.m */ = {isa = PBXFileReference; fileEncoding = 4; lastKnownFileType = sourcecode.c.objc; path = MineViewController.m; sourceTree = "<group>"; };
		766249F51D2DEFFF002D040E /* RootTabBarController.h */ = {isa = PBXFileReference; fileEncoding = 4; lastKnownFileType = sourcecode.c.h; path = RootTabBarController.h; sourceTree = "<group>"; };
		766249F61D2DEFFF002D040E /* RootTabBarController.m */ = {isa = PBXFileReference; fileEncoding = 4; lastKnownFileType = sourcecode.c.objc; path = RootTabBarController.m; sourceTree = "<group>"; };
		76624A001D2E3C98002D040E /* PostTableViewCell.h */ = {isa = PBXFileReference; fileEncoding = 4; lastKnownFileType = sourcecode.c.h; path = PostTableViewCell.h; sourceTree = "<group>"; };
		76624A011D2E3C98002D040E /* PostTableViewCell.m */ = {isa = PBXFileReference; fileEncoding = 4; lastKnownFileType = sourcecode.c.objc; path = PostTableViewCell.m; sourceTree = "<group>"; };
		76624A031D2E46E0002D040E /* PostItem.h */ = {isa = PBXFileReference; fileEncoding = 4; lastKnownFileType = sourcecode.c.h; path = PostItem.h; sourceTree = "<group>"; };
		76624A041D2E46E0002D040E /* PostItem.m */ = {isa = PBXFileReference; fileEncoding = 4; lastKnownFileType = sourcecode.c.objc; path = PostItem.m; sourceTree = "<group>"; };
		76624A0B1D2E4999002D040E /* Blogger.h */ = {isa = PBXFileReference; fileEncoding = 4; lastKnownFileType = sourcecode.c.h; path = Blogger.h; sourceTree = "<group>"; };
		76624A0C1D2E4999002D040E /* Blogger.m */ = {isa = PBXFileReference; fileEncoding = 4; lastKnownFileType = sourcecode.c.objc; path = Blogger.m; sourceTree = "<group>"; };
		76624A0E1D2E4B5A002D040E /* PostTag.h */ = {isa = PBXFileReference; fileEncoding = 4; lastKnownFileType = sourcecode.c.h; path = PostTag.h; sourceTree = "<group>"; };
		76624A0F1D2E4B5A002D040E /* PostTag.m */ = {isa = PBXFileReference; fileEncoding = 4; lastKnownFileType = sourcecode.c.objc; path = PostTag.m; sourceTree = "<group>"; };
		76624A111D2E4CC6002D040E /* PostComment.h */ = {isa = PBXFileReference; fileEncoding = 4; lastKnownFileType = sourcecode.c.h; path = PostComment.h; sourceTree = "<group>"; };
		76624A121D2E4CC6002D040E /* PostComment.m */ = {isa = PBXFileReference; fileEncoding = 4; lastKnownFileType = sourcecode.c.objc; path = PostComment.m; sourceTree = "<group>"; };
		76624A141D2E4F44002D040E /* HomePostsManager.h */ = {isa = PBXFileReference; fileEncoding = 4; lastKnownFileType = sourcecode.c.h; path = HomePostsManager.h; sourceTree = "<group>"; };
		76624A151D2E4F44002D040E /* HomePostsManager.m */ = {isa = PBXFileReference; fileEncoding = 4; lastKnownFileType = sourcecode.c.objc; path = HomePostsManager.m; sourceTree = "<group>"; };
		76624A271D315C47002D040E /* PostDetailViewController.h */ = {isa = PBXFileReference; fileEncoding = 4; lastKnownFileType = sourcecode.c.h; path = PostDetailViewController.h; sourceTree = "<group>"; };
		76624A281D315C47002D040E /* PostDetailViewController.m */ = {isa = PBXFileReference; fileEncoding = 4; lastKnownFileType = sourcecode.c.objc; path = PostDetailViewController.m; sourceTree = "<group>"; };
		76624A2D1D339157002D040E /* CommentView.h */ = {isa = PBXFileReference; fileEncoding = 4; lastKnownFileType = sourcecode.c.h; path = CommentView.h; sourceTree = "<group>"; };
		76624A2E1D339157002D040E /* CommentView.m */ = {isa = PBXFileReference; fileEncoding = 4; lastKnownFileType = sourcecode.c.objc; path = CommentView.m; sourceTree = "<group>"; };
		76624A301D33A035002D040E /* CommentsViewController.h */ = {isa = PBXFileReference; fileEncoding = 4; lastKnownFileType = sourcecode.c.h; path = CommentsViewController.h; sourceTree = "<group>"; };
		76624A311D33A035002D040E /* CommentsViewController.m */ = {isa = PBXFileReference; fileEncoding = 4; lastKnownFileType = sourcecode.c.objc; path = CommentsViewController.m; sourceTree = "<group>"; };
		76624A361D33A102002D040E /* CommentCell.h */ = {isa = PBXFileReference; fileEncoding = 4; lastKnownFileType = sourcecode.c.h; path = CommentCell.h; sourceTree = "<group>"; };
		76624A371D33A102002D040E /* CommentCell.m */ = {isa = PBXFileReference; fileEncoding = 4; lastKnownFileType = sourcecode.c.objc; path = CommentCell.m; sourceTree = "<group>"; };
		76624A3F1D33AEDC002D040E /* PostCellViewController.h */ = {isa = PBXFileReference; fileEncoding = 4; lastKnownFileType = sourcecode.c.h; path = PostCellViewController.h; sourceTree = "<group>"; };
		76624A401D33AEDC002D040E /* PostCellViewController.m */ = {isa = PBXFileReference; fileEncoding = 4; lastKnownFileType = sourcecode.c.objc; path = PostCellViewController.m; sourceTree = "<group>"; };
		76B064E01D4783E3005A86F9 /* MineView.h */ = {isa = PBXFileReference; fileEncoding = 4; lastKnownFileType = sourcecode.c.h; path = MineView.h; sourceTree = "<group>"; };
		76B064E11D4783E3005A86F9 /* MineView.m */ = {isa = PBXFileReference; fileEncoding = 4; lastKnownFileType = sourcecode.c.objc; path = MineView.m; sourceTree = "<group>"; };
		76B064E31D4784DD005A86F9 /* BubbleView.h */ = {isa = PBXFileReference; fileEncoding = 4; lastKnownFileType = sourcecode.c.h; path = BubbleView.h; sourceTree = "<group>"; };
		76B064E41D4784DD005A86F9 /* BubbleView.m */ = {isa = PBXFileReference; fileEncoding = 4; lastKnownFileType = sourcecode.c.objc; path = BubbleView.m; sourceTree = "<group>"; };
		76B064E61D478835005A86F9 /* BubbleDropBehavior.h */ = {isa = PBXFileReference; fileEncoding = 4; lastKnownFileType = sourcecode.c.h; path = BubbleDropBehavior.h; sourceTree = "<group>"; };
		76B064E71D478835005A86F9 /* BubbleDropBehavior.m */ = {isa = PBXFileReference; fileEncoding = 4; lastKnownFileType = sourcecode.c.objc; path = BubbleDropBehavior.m; sourceTree = "<group>"; };
/* End PBXFileReference section */

/* Begin PBXFrameworksBuildPhase section */
		7627329B1D2BACEB00E27858 /* Frameworks */ = {
			isa = PBXFrameworksBuildPhase;
			buildActionMask = 2147483647;
			files = (
			);
			runOnlyForDeploymentPostprocessing = 0;
		};
		762732B41D2BACEC00E27858 /* Frameworks */ = {
			isa = PBXFrameworksBuildPhase;
			buildActionMask = 2147483647;
			files = (
			);
			runOnlyForDeploymentPostprocessing = 0;
		};
		762732BF1D2BACEC00E27858 /* Frameworks */ = {
			isa = PBXFrameworksBuildPhase;
			buildActionMask = 2147483647;
			files = (
			);
			runOnlyForDeploymentPostprocessing = 0;
		};
/* End PBXFrameworksBuildPhase section */

/* Begin PBXGroup section */
		762732951D2BACEB00E27858 = {
			isa = PBXGroup;
			children = (
				762732A01D2BACEB00E27858 /* gIT pages */,
				762732BA1D2BACEC00E27858 /* gIT pagesTests */,
				762732C51D2BACEC00E27858 /* gIT pagesUITests */,
				7627329F1D2BACEB00E27858 /* Products */,
			);
			sourceTree = "<group>";
		};
		7627329F1D2BACEB00E27858 /* Products */ = {
			isa = PBXGroup;
			children = (
				7627329E1D2BACEB00E27858 /* gIT pages.app */,
				762732B71D2BACEC00E27858 /* gIT pagesTests.xctest */,
				762732C21D2BACEC00E27858 /* gIT pagesUITests.xctest */,
			);
			name = Products;
			sourceTree = "<group>";
		};
		762732A01D2BACEB00E27858 /* gIT pages */ = {
			isa = PBXGroup;
			children = (
				76624A071D2E47F9002D040E /* Models */,
				76624A171D2E4F4E002D040E /* Managers */,
				766249DE1D2D2ABD002D040E /* 5大页面 */,
				762732A41D2BACEB00E27858 /* AppDelegate.h */,
				762732A51D2BACEB00E27858 /* AppDelegate.m */,
				766249F51D2DEFFF002D040E /* RootTabBarController.h */,
				766249F61D2DEFFF002D040E /* RootTabBarController.m */,
				762732D41D2BB0D200E27858 /* Defs.h */,
				762732AD1D2BACEC00E27858 /* Assets.xcassets */,
				762732AF1D2BACEC00E27858 /* LaunchScreen.storyboard */,
				762732B21D2BACEC00E27858 /* Info.plist */,
				762732A11D2BACEB00E27858 /* Supporting Files */,
			);
			path = "gIT pages";
			sourceTree = "<group>";
		};
		762732A11D2BACEB00E27858 /* Supporting Files */ = {
			isa = PBXGroup;
			children = (
				762732A21D2BACEB00E27858 /* main.m */,
			);
			name = "Supporting Files";
			sourceTree = "<group>";
		};
		762732BA1D2BACEC00E27858 /* gIT pagesTests */ = {
			isa = PBXGroup;
			children = (
				762732BB1D2BACEC00E27858 /* gIT_pagesTests.m */,
				762732BD1D2BACEC00E27858 /* Info.plist */,
			);
			path = "gIT pagesTests";
			sourceTree = "<group>";
		};
		762732C51D2BACEC00E27858 /* gIT pagesUITests */ = {
			isa = PBXGroup;
			children = (
				762732C61D2BACEC00E27858 /* gIT_pagesUITests.m */,
				762732C81D2BACEC00E27858 /* Info.plist */,
			);
			path = "gIT pagesUITests";
			sourceTree = "<group>";
		};
		766249DE1D2D2ABD002D040E /* 5大页面 */ = {
			isa = PBXGroup;
			children = (
				766249F81D2E008C002D040E /* 1.首页 */,
				766249F91D2E00A7002D040E /* 2.动态 */,
				766249FA1D2E00B2002D040E /* 3.分享 */,
				766249FB1D2E00BB002D040E /* 4.探索 */,
				766249FC1D2E00C4002D040E /* 5.我的 */,
			);
			name = "5大页面";
			sourceTree = "<group>";
		};
		766249F81D2E008C002D040E /* 1.首页 */ = {
			isa = PBXGroup;
			children = (
				76624A3D1D33AE9E002D040E /* 评论 */,
				76624A3C1D33AE84002D040E /* Cell */,
				766249DF1D2D2AF9002D040E /* HomeViewController.h */,
				766249E01D2D2AF9002D040E /* HomeViewController.m */,
				76624A3E1D33AEB5002D040E /* 文章内容页 */,
				7620CBA61D420FBB003DEC50 /* ToTopBtnView.h */,
				7620CBA71D420FBB003DEC50 /* ToTopBtnView.m */,
			);
			name = "1.首页";
			sourceTree = "<group>";
		};
		766249F91D2E00A7002D040E /* 2.动态 */ = {
			isa = PBXGroup;
			children = (
				766249E21D2D2B98002D040E /* ActivityViewController.h */,
				766249E31D2D2B98002D040E /* ActivityViewController.m */,
			);
			name = "2.动态";
			sourceTree = "<group>";
		};
		766249FA1D2E00B2002D040E /* 3.分享 */ = {
			isa = PBXGroup;
			children = (
				766249E51D2D2BB8002D040E /* ShareViewController.h */,
				766249E61D2D2BB8002D040E /* ShareViewController.m */,
				7620CBA91D4224D7003DEC50 /* BigColorfulCircleView.h */,
				7620CBAA1D4224D7003DEC50 /* BigColorfulCircleView.m */,
			);
			name = "3.分享";
			sourceTree = "<group>";
		};
		766249FB1D2E00BB002D040E /* 4.探索 */ = {
			isa = PBXGroup;
			children = (
				766249E81D2D2BEC002D040E /* ExploreViewController.h */,
				766249E91D2D2BEC002D040E /* ExploreViewController.m */,
			);
			name = "4.探索";
			sourceTree = "<group>";
		};
		766249FC1D2E00C4002D040E /* 5.我的 */ = {
			isa = PBXGroup;
			children = (
				766249EB1D2D2C00002D040E /* MineViewController.h */,
				766249EC1D2D2C00002D040E /* MineViewController.m */,
				76B064E01D4783E3005A86F9 /* MineView.h */,
				76B064E11D4783E3005A86F9 /* MineView.m */,
				76B064E31D4784DD005A86F9 /* BubbleView.h */,
				76B064E41D4784DD005A86F9 /* BubbleView.m */,
				76B064E61D478835005A86F9 /* BubbleDropBehavior.h */,
				76B064E71D478835005A86F9 /* BubbleDropBehavior.m */,
			);
			name = "5.我的";
			sourceTree = "<group>";
		};
		76624A071D2E47F9002D040E /* Models */ = {
			isa = PBXGroup;
			children = (
				76624A031D2E46E0002D040E /* PostItem.h */,
				76624A041D2E46E0002D040E /* PostItem.m */,
				76624A0B1D2E4999002D040E /* Blogger.h */,
				76624A0C1D2E4999002D040E /* Blogger.m */,
				76624A0E1D2E4B5A002D040E /* PostTag.h */,
				76624A0F1D2E4B5A002D040E /* PostTag.m */,
				76624A111D2E4CC6002D040E /* PostComment.h */,
				76624A121D2E4CC6002D040E /* PostComment.m */,
			);
			name = Models;
			sourceTree = "<group>";
		};
		76624A171D2E4F4E002D040E /* Managers */ = {
			isa = PBXGroup;
			children = (
				76624A141D2E4F44002D040E /* HomePostsManager.h */,
				76624A151D2E4F44002D040E /* HomePostsManager.m */,
			);
			name = Managers;
			sourceTree = "<group>";
		};
		76624A3C1D33AE84002D040E /* Cell */ = {
			isa = PBXGroup;
			children = (
				76624A001D2E3C98002D040E /* PostTableViewCell.h */,
				76624A011D2E3C98002D040E /* PostTableViewCell.m */,
				76624A3F1D33AEDC002D040E /* PostCellViewController.h */,
				76624A401D33AEDC002D040E /* PostCellViewController.m */,
			);
			name = Cell;
			sourceTree = "<group>";
		};
		76624A3D1D33AE9E002D040E /* 评论 */ = {
			isa = PBXGroup;
			children = (
				76624A301D33A035002D040E /* CommentsViewController.h */,
				76624A311D33A035002D040E /* CommentsViewController.m */,
				76624A2D1D339157002D040E /* CommentView.h */,
				76624A2E1D339157002D040E /* CommentView.m */,
				76624A361D33A102002D040E /* CommentCell.h */,
				76624A371D33A102002D040E /* CommentCell.m */,
			);
			name = "评论";
			sourceTree = "<group>";
		};
		76624A3E1D33AEB5002D040E /* 文章内容页 */ = {
			isa = PBXGroup;
			children = (
				76624A271D315C47002D040E /* PostDetailViewController.h */,
				76624A281D315C47002D040E /* PostDetailViewController.m */,
			);
			name = "文章内容页";
			sourceTree = "<group>";
		};
/* End PBXGroup section */

/* Begin PBXNativeTarget section */
		7627329D1D2BACEB00E27858 /* gIT pages */ = {
			isa = PBXNativeTarget;
			buildConfigurationList = 762732CB1D2BACEC00E27858 /* Build configuration list for PBXNativeTarget "gIT pages" */;
			buildPhases = (
				7627329A1D2BACEB00E27858 /* Sources */,
				7627329B1D2BACEB00E27858 /* Frameworks */,
				7627329C1D2BACEB00E27858 /* Resources */,
			);
			buildRules = (
			);
			dependencies = (
			);
			name = "gIT pages";
			productName = "gIT pages";
			productReference = 7627329E1D2BACEB00E27858 /* gIT pages.app */;
			productType = "com.apple.product-type.application";
		};
		762732B61D2BACEC00E27858 /* gIT pagesTests */ = {
			isa = PBXNativeTarget;
			buildConfigurationList = 762732CE1D2BACEC00E27858 /* Build configuration list for PBXNativeTarget "gIT pagesTests" */;
			buildPhases = (
				762732B31D2BACEC00E27858 /* Sources */,
				762732B41D2BACEC00E27858 /* Frameworks */,
				762732B51D2BACEC00E27858 /* Resources */,
			);
			buildRules = (
			);
			dependencies = (
				762732B91D2BACEC00E27858 /* PBXTargetDependency */,
			);
			name = "gIT pagesTests";
			productName = "gIT pagesTests";
			productReference = 762732B71D2BACEC00E27858 /* gIT pagesTests.xctest */;
			productType = "com.apple.product-type.bundle.unit-test";
		};
		762732C11D2BACEC00E27858 /* gIT pagesUITests */ = {
			isa = PBXNativeTarget;
			buildConfigurationList = 762732D11D2BACEC00E27858 /* Build configuration list for PBXNativeTarget "gIT pagesUITests" */;
			buildPhases = (
				762732BE1D2BACEC00E27858 /* Sources */,
				762732BF1D2BACEC00E27858 /* Frameworks */,
				762732C01D2BACEC00E27858 /* Resources */,
			);
			buildRules = (
			);
			dependencies = (
				762732C41D2BACEC00E27858 /* PBXTargetDependency */,
			);
			name = "gIT pagesUITests";
			productName = "gIT pagesUITests";
			productReference = 762732C21D2BACEC00E27858 /* gIT pagesUITests.xctest */;
			productType = "com.apple.product-type.bundle.ui-testing";
		};
/* End PBXNativeTarget section */

/* Begin PBXProject section */
		762732961D2BACEB00E27858 /* Project object */ = {
			isa = PBXProject;
			attributes = {
				LastUpgradeCheck = 0730;
				ORGANIZATIONNAME = xl;
				TargetAttributes = {
					7627329D1D2BACEB00E27858 = {
						CreatedOnToolsVersion = 7.3.1;
						DevelopmentTeam = N96R6G7AKT;
					};
					762732B61D2BACEC00E27858 = {
						CreatedOnToolsVersion = 7.3.1;
						TestTargetID = 7627329D1D2BACEB00E27858;
					};
					762732C11D2BACEC00E27858 = {
						CreatedOnToolsVersion = 7.3.1;
						TestTargetID = 7627329D1D2BACEB00E27858;
					};
				};
			};
			buildConfigurationList = 762732991D2BACEB00E27858 /* Build configuration list for PBXProject "gIT pages" */;
			compatibilityVersion = "Xcode 3.2";
			developmentRegion = English;
			hasScannedForEncodings = 0;
			knownRegions = (
				en,
				Base,
			);
			mainGroup = 762732951D2BACEB00E27858;
			productRefGroup = 7627329F1D2BACEB00E27858 /* Products */;
			projectDirPath = "";
			projectRoot = "";
			targets = (
				7627329D1D2BACEB00E27858 /* gIT pages */,
				762732B61D2BACEC00E27858 /* gIT pagesTests */,
				762732C11D2BACEC00E27858 /* gIT pagesUITests */,
			);
		};
/* End PBXProject section */

/* Begin PBXResourcesBuildPhase section */
		7627329C1D2BACEB00E27858 /* Resources */ = {
			isa = PBXResourcesBuildPhase;
			buildActionMask = 2147483647;
			files = (
				762732B11D2BACEC00E27858 /* LaunchScreen.storyboard in Resources */,
				762732AE1D2BACEC00E27858 /* Assets.xcassets in Resources */,
			);
			runOnlyForDeploymentPostprocessing = 0;
		};
		762732B51D2BACEC00E27858 /* Resources */ = {
			isa = PBXResourcesBuildPhase;
			buildActionMask = 2147483647;
			files = (
			);
			runOnlyForDeploymentPostprocessing = 0;
		};
		762732C01D2BACEC00E27858 /* Resources */ = {
			isa = PBXResourcesBuildPhase;
			buildActionMask = 2147483647;
			files = (
			);
			runOnlyForDeploymentPostprocessing = 0;
		};
/* End PBXResourcesBuildPhase section */

/* Begin PBXSourcesBuildPhase section */
		7627329A1D2BACEB00E27858 /* Sources */ = {
			isa = PBXSourcesBuildPhase;
			buildActionMask = 2147483647;
			files = (
				76B064E81D478835005A86F9 /* BubbleDropBehavior.m in Sources */,
				762732A61D2BACEB00E27858 /* AppDelegate.m in Sources */,
				7620CBAB1D4224D7003DEC50 /* BigColorfulCircleView.m in Sources */,
				76624A381D33A102002D040E /* CommentCell.m in Sources */,
				766249ED1D2D2C00002D040E /* MineViewController.m in Sources */,
				76624A411D33AEDC002D040E /* PostCellViewController.m in Sources */,
				762732A31D2BACEB00E27858 /* main.m in Sources */,
				76624A131D2E4CC6002D040E /* PostComment.m in Sources */,
				7620CBA81D420FBB003DEC50 /* ToTopBtnView.m in Sources */,
				76624A101D2E4B5A002D040E /* PostTag.m in Sources */,
				766249E11D2D2AF9002D040E /* HomeViewController.m in Sources */,
				76624A2F1D339157002D040E /* CommentView.m in Sources */,
				76624A291D315C47002D040E /* PostDetailViewController.m in Sources */,
				766249E71D2D2BB8002D040E /* ShareViewController.m in Sources */,
				76624A161D2E4F44002D040E /* HomePostsManager.m in Sources */,
				76624A0D1D2E4999002D040E /* Blogger.m in Sources */,
				766249F71D2DEFFF002D040E /* RootTabBarController.m in Sources */,
				76B064E51D4784DD005A86F9 /* BubbleView.m in Sources */,
				766249EA1D2D2BEC002D040E /* ExploreViewController.m in Sources */,
				76624A051D2E46E0002D040E /* PostItem.m in Sources */,
				766249E41D2D2B98002D040E /* ActivityViewController.m in Sources */,
				76624A321D33A035002D040E /* CommentsViewController.m in Sources */,
				76624A021D2E3C98002D040E /* PostTableViewCell.m in Sources */,
				76B064E21D4783E3005A86F9 /* MineView.m in Sources */,
			);
			runOnlyForDeploymentPostprocessing = 0;
		};
		762732B31D2BACEC00E27858 /* Sources */ = {
			isa = PBXSourcesBuildPhase;
			buildActionMask = 2147483647;
			files = (
				762732BC1D2BACEC00E27858 /* gIT_pagesTests.m in Sources */,
			);
			runOnlyForDeploymentPostprocessing = 0;
		};
		762732BE1D2BACEC00E27858 /* Sources */ = {
			isa = PBXSourcesBuildPhase;
			buildActionMask = 2147483647;
			files = (
				762732C71D2BACEC00E27858 /* gIT_pagesUITests.m in Sources */,
			);
			runOnlyForDeploymentPostprocessing = 0;
		};
/* End PBXSourcesBuildPhase section */

/* Begin PBXTargetDependency section */
		762732B91D2BACEC00E27858 /* PBXTargetDependency */ = {
			isa = PBXTargetDependency;
			target = 7627329D1D2BACEB00E27858 /* gIT pages */;
			targetProxy = 762732B81D2BACEC00E27858 /* PBXContainerItemProxy */;
		};
		762732C41D2BACEC00E27858 /* PBXTargetDependency */ = {
			isa = PBXTargetDependency;
			target = 7627329D1D2BACEB00E27858 /* gIT pages */;
			targetProxy = 762732C31D2BACEC00E27858 /* PBXContainerItemProxy */;
		};
/* End PBXTargetDependency section */

/* Begin PBXVariantGroup section */
		762732AF1D2BACEC00E27858 /* LaunchScreen.storyboard */ = {
			isa = PBXVariantGroup;
			children = (
				762732B01D2BACEC00E27858 /* Base */,
			);
			name = LaunchScreen.storyboard;
			sourceTree = "<group>";
		};
/* End PBXVariantGroup section */

/* Begin XCBuildConfiguration section */
		762732C91D2BACEC00E27858 /* Debug */ = {
			isa = XCBuildConfiguration;
			buildSettings = {
				ALWAYS_SEARCH_USER_PATHS = NO;
				CLANG_ANALYZER_NONNULL = YES;
				CLANG_CXX_LANGUAGE_STANDARD = "gnu++0x";
				CLANG_CXX_LIBRARY = "libc++";
				CLANG_ENABLE_MODULES = YES;
				CLANG_ENABLE_OBJC_ARC = YES;
				CLANG_WARN_BOOL_CONVERSION = YES;
				CLANG_WARN_CONSTANT_CONVERSION = YES;
				CLANG_WARN_DIRECT_OBJC_ISA_USAGE = YES_ERROR;
				CLANG_WARN_EMPTY_BODY = YES;
				CLANG_WARN_ENUM_CONVERSION = YES;
				CLANG_WARN_INT_CONVERSION = YES;
				CLANG_WARN_OBJC_ROOT_CLASS = YES_ERROR;
				CLANG_WARN_UNREACHABLE_CODE = YES;
				CLANG_WARN__DUPLICATE_METHOD_MATCH = YES;
				"CODE_SIGN_IDENTITY[sdk=iphoneos*]" = "iPhone Developer";
				COPY_PHASE_STRIP = NO;
				DEBUG_INFORMATION_FORMAT = dwarf;
				ENABLE_STRICT_OBJC_MSGSEND = YES;
				ENABLE_TESTABILITY = YES;
				GCC_C_LANGUAGE_STANDARD = gnu99;
				GCC_DYNAMIC_NO_PIC = NO;
				GCC_NO_COMMON_BLOCKS = YES;
				GCC_OPTIMIZATION_LEVEL = 0;
				GCC_PREPROCESSOR_DEFINITIONS = (
					"DEBUG=1",
					"$(inherited)",
				);
				GCC_WARN_64_TO_32_BIT_CONVERSION = YES;
				GCC_WARN_ABOUT_RETURN_TYPE = YES_ERROR;
				GCC_WARN_UNDECLARED_SELECTOR = YES;
				GCC_WARN_UNINITIALIZED_AUTOS = YES_AGGRESSIVE;
				GCC_WARN_UNUSED_FUNCTION = YES;
				GCC_WARN_UNUSED_VARIABLE = YES;
				IPHONEOS_DEPLOYMENT_TARGET = 9.3;
				MTL_ENABLE_DEBUG_INFO = YES;
				ONLY_ACTIVE_ARCH = YES;
				SDKROOT = iphoneos;
				TARGETED_DEVICE_FAMILY = "1,2";
			};
			name = Debug;
		};
		762732CA1D2BACEC00E27858 /* Release */ = {
			isa = XCBuildConfiguration;
			buildSettings = {
				ALWAYS_SEARCH_USER_PATHS = NO;
				CLANG_ANALYZER_NONNULL = YES;
				CLANG_CXX_LANGUAGE_STANDARD = "gnu++0x";
				CLANG_CXX_LIBRARY = "libc++";
				CLANG_ENABLE_MODULES = YES;
				CLANG_ENABLE_OBJC_ARC = YES;
				CLANG_WARN_BOOL_CONVERSION = YES;
				CLANG_WARN_CONSTANT_CONVERSION = YES;
				CLANG_WARN_DIRECT_OBJC_ISA_USAGE = YES_ERROR;
				CLANG_WARN_EMPTY_BODY = YES;
				CLANG_WARN_ENUM_CONVERSION = YES;
				CLANG_WARN_INT_CONVERSION = YES;
				CLANG_WARN_OBJC_ROOT_CLASS = YES_ERROR;
				CLANG_WARN_UNREACHABLE_CODE = YES;
				CLANG_WARN__DUPLICATE_METHOD_MATCH = YES;
				"CODE_SIGN_IDENTITY[sdk=iphoneos*]" = "iPhone Developer";
				COPY_PHASE_STRIP = NO;
				DEBUG_INFORMATION_FORMAT = "dwarf-with-dsym";
				ENABLE_NS_ASSERTIONS = NO;
				ENABLE_STRICT_OBJC_MSGSEND = YES;
				GCC_C_LANGUAGE_STANDARD = gnu99;
				GCC_NO_COMMON_BLOCKS = YES;
				GCC_WARN_64_TO_32_BIT_CONVERSION = YES;
				GCC_WARN_ABOUT_RETURN_TYPE = YES_ERROR;
				GCC_WARN_UNDECLARED_SELECTOR = YES;
				GCC_WARN_UNINITIALIZED_AUTOS = YES_AGGRESSIVE;
				GCC_WARN_UNUSED_FUNCTION = YES;
				GCC_WARN_UNUSED_VARIABLE = YES;
				IPHONEOS_DEPLOYMENT_TARGET = 9.3;
				MTL_ENABLE_DEBUG_INFO = NO;
				SDKROOT = iphoneos;
				TARGETED_DEVICE_FAMILY = "1,2";
				VALIDATE_PRODUCT = YES;
			};
			name = Release;
		};
		762732CC1D2BACEC00E27858 /* Debug */ = {
			isa = XCBuildConfiguration;
			buildSettings = {
				ASSETCATALOG_COMPILER_APPICON_NAME = AppIcon;
				CODE_SIGN_IDENTITY = "iPhone Developer";
				"CODE_SIGN_IDENTITY[sdk=iphoneos*]" = "iPhone Developer";
				INFOPLIST_FILE = "gIT pages/Info.plist";
				IPHONEOS_DEPLOYMENT_TARGET = 8.0;
				LD_RUNPATH_SEARCH_PATHS = "$(inherited) @executable_path/Frameworks";
				PRODUCT_BUNDLE_IDENTIFIER = com.qunar.xinlei.yang.gitp;
				PRODUCT_NAME = "$(TARGET_NAME)";
				PROVISIONING_PROFILE = "";
			};
			name = Debug;
		};
		762732CD1D2BACEC00E27858 /* Release */ = {
			isa = XCBuildConfiguration;
			buildSettings = {
				ASSETCATALOG_COMPILER_APPICON_NAME = AppIcon;
				CODE_SIGN_IDENTITY = "iPhone Developer";
				"CODE_SIGN_IDENTITY[sdk=iphoneos*]" = "iPhone Developer";
				INFOPLIST_FILE = "gIT pages/Info.plist";
				IPHONEOS_DEPLOYMENT_TARGET = 8.0;
				LD_RUNPATH_SEARCH_PATHS = "$(inherited) @executable_path/Frameworks";
				PRODUCT_BUNDLE_IDENTIFIER = com.qunar.xinlei.yang.gitp;
				PRODUCT_NAME = "$(TARGET_NAME)";
				PROVISIONING_PROFILE = "";
			};
			name = Release;
		};
		762732CF1D2BACEC00E27858 /* Debug */ = {
			isa = XCBuildConfiguration;
			buildSettings = {
				BUNDLE_LOADER = "$(TEST_HOST)";
				INFOPLIST_FILE = "gIT pagesTests/Info.plist";
				LD_RUNPATH_SEARCH_PATHS = "$(inherited) @executable_path/Frameworks @loader_path/Frameworks";
				PRODUCT_BUNDLE_IDENTIFIER = "com.meijuan.zhang.xinlei.gIT-pagesTests";
				PRODUCT_NAME = "$(TARGET_NAME)";
				TEST_HOST = "$(BUILT_PRODUCTS_DIR)/gIT pages.app/gIT pages";
			};
			name = Debug;
		};
		762732D01D2BACEC00E27858 /* Release */ = {
			isa = XCBuildConfiguration;
			buildSettings = {
				BUNDLE_LOADER = "$(TEST_HOST)";
				INFOPLIST_FILE = "gIT pagesTests/Info.plist";
				LD_RUNPATH_SEARCH_PATHS = "$(inherited) @executable_path/Frameworks @loader_path/Frameworks";
				PRODUCT_BUNDLE_IDENTIFIER = "com.meijuan.zhang.xinlei.gIT-pagesTests";
				PRODUCT_NAME = "$(TARGET_NAME)";
				TEST_HOST = "$(BUILT_PRODUCTS_DIR)/gIT pages.app/gIT pages";
			};
			name = Release;
		};
		762732D21D2BACEC00E27858 /* Debug */ = {
			isa = XCBuildConfiguration;
			buildSettings = {
				INFOPLIST_FILE = "gIT pagesUITests/Info.plist";
				LD_RUNPATH_SEARCH_PATHS = "$(inherited) @executable_path/Frameworks @loader_path/Frameworks";
				PRODUCT_BUNDLE_IDENTIFIER = "com.meijuan.zhang.xinlei.gIT-pagesUITests";
				PRODUCT_NAME = "$(TARGET_NAME)";
				TEST_TARGET_NAME = "gIT pages";
			};
			name = Debug;
		};
		762732D31D2BACEC00E27858 /* Release */ = {
			isa = XCBuildConfiguration;
			buildSettings = {
				INFOPLIST_FILE = "gIT pagesUITests/Info.plist";
				LD_RUNPATH_SEARCH_PATHS = "$(inherited) @executable_path/Frameworks @loader_path/Frameworks";
				PRODUCT_BUNDLE_IDENTIFIER = "com.meijuan.zhang.xinlei.gIT-pagesUITests";
				PRODUCT_NAME = "$(TARGET_NAME)";
				TEST_TARGET_NAME = "gIT pages";
			};
			name = Release;
		};
/* End XCBuildConfiguration section */

/* Begin XCConfigurationList section */
		762732991D2BACEB00E27858 /* Build configuration list for PBXProject "gIT pages" */ = {
			isa = XCConfigurationList;
			buildConfigurations = (
				762732C91D2BACEC00E27858 /* Debug */,
				762732CA1D2BACEC00E27858 /* Release */,
			);
			defaultConfigurationIsVisible = 0;
			defaultConfigurationName = Release;
		};
		762732CB1D2BACEC00E27858 /* Build configuration list for PBXNativeTarget "gIT pages" */ = {
			isa = XCConfigurationList;
			buildConfigurations = (
				762732CC1D2BACEC00E27858 /* Debug */,
				762732CD1D2BACEC00E27858 /* Release */,
			);
			defaultConfigurationIsVisible = 0;
			defaultConfigurationName = Release;
		};
		762732CE1D2BACEC00E27858 /* Build configuration list for PBXNativeTarget "gIT pagesTests" */ = {
			isa = XCConfigurationList;
			buildConfigurations = (
				762732CF1D2BACEC00E27858 /* Debug */,
				762732D01D2BACEC00E27858 /* Release */,
			);
			defaultConfigurationIsVisible = 0;
			defaultConfigurationName = Release;
		};
		762732D11D2BACEC00E27858 /* Build configuration list for PBXNativeTarget "gIT pagesUITests" */ = {
			isa = XCConfigurationList;
			buildConfigurations = (
				762732D21D2BACEC00E27858 /* Debug */,
				762732D31D2BACEC00E27858 /* Release */,
			);
			defaultConfigurationIsVisible = 0;
			defaultConfigurationName = Release;
		};
/* End XCConfigurationList section */
	};
	rootObject = 762732961D2BACEB00E27858 /* Project object */;
}
